{
  "name": "webx",
  "version": "1.0.0",
  "lockfileVersion": 2,
  "requires": true,
  "packages": {
    "": {
      "name": "webx",
      "version": "1.0.0",
      "license": "ISC",
      "dependencies": {
        "concat-files": "^0.1.1"
      }
    },
    "node_modules/async": {
      "version": "0.2.10",
      "resolved": "https://registry.npmjs.org/async/-/async-0.2.10.tgz",
      "integrity": "sha1-trvgsGdLnXGXCMo43owjfLUmw9E="
    },
    "node_modules/concat-files": {
      "version": "0.1.1",
      "resolved": "https://registry.npmjs.org/concat-files/-/concat-files-0.1.1.tgz",
      "integrity": "sha1-cBauYCeLo/awtWE2j6IRFg5VbbU=",
      "dependencies": {
        "async": "~0.2.6"
      }
    }
  },
  "dependencies": {
    "async": {
      "version": "0.2.10",
      "resolved": "https://registry.npmjs.org/async/-/async-0.2.10.tgz",
      "integrity": "sha1-trvgsGdLnXGXCMo43owjfLUmw9E="
    },
    "concat-files": {
      "version": "0.1.1",
      "resolved": "https://registry.npmjs.org/concat-files/-/concat-files-0.1.1.tgz",
      "integrity": "sha1-cBauYCeLo/awtWE2j6IRFg5VbbU=",
      "requires": {
        "async": "~0.2.6"
      }
    }
  }
}
